
Microsoft Visual Studio Solution File, Format Version 12.00
# Visual Studio 2012
Project("{8BC9CEB8-8B4A-11D0-8D11-00A0C91BC942}") = "XH_RPG_ENGINE", "XH_RPG_ENGINE.vcxproj", "{93696910-B96B-4BE8-A00C-56CC6A837B43}"
EndProject
Global
	GlobalSection(SolutionConfigurationPlatforms) = preSolution
		Debug|Win32 = Debug|Win32
		Release|Win32 = Release|Win32
	EndGlobalSection
	GlobalSection(ProjectConfigurationPlatforms) = postSolution
		{93696910-B96B-4BE8-A00C-56CC6A837B43}.Debug|Win32.ActiveCfg = Debug|Win32
		{93696910-B96B-4BE8-A00C-56CC6A837B43}.Debug|Win32.Build.0 = Debug|Win32
		{93696910-B96B-4BE8-A00C-56CC6A837B43}.Release|Win32.ActiveCfg = Release|Win32
		{93696910-B96B-4BE8-A00C-56CC6A837B43}.Release|Win32.Build.0 = Release|Win32
	EndGlobalSection
	GlobalSection(SolutionProperties) = preSolution
		HideSolutionNode = FALSE
	EndGlobalSection
EndGlobal
